// !$*UTF8*$!
{
	archiveVersion = 1;
	classes = {
	};
	objectVersion = 56;
	objects = {

/* Begin PBXBuildFile section */
		21E658BD2ABAC207009BDDE4 /* swift_Video_tutApp.swift in Sources */ = {isa = PBXBuildFile; fileRef = 21E658BC2ABAC207009BDDE4 /* swift_Video_tutApp.swift */; };
		21E658BF2ABAC207009BDDE4 /* ContentView.swift in Sources */ = {isa = PBXBuildFile; fileRef = 21E658BE2ABAC207009BDDE4 /* ContentView.swift */; };
		21E658C12ABAC208009BDDE4 /* Assets.xcassets in Resources */ = {isa = PBXBuildFile; fileRef = 21E658C02ABAC208009BDDE4 /* Assets.xcassets */; };
		21E658C42ABAC208009BDDE4 /* Preview Assets.xcassets in Resources */ = {isa = PBXBuildFile; fileRef = 21E658C32ABAC208009BDDE4 /* Preview Assets.xcassets */; };
		21E658D32ABAC854009BDDE4 /* ContentViewModel.swift in Sources */ = {isa = PBXBuildFile; fileRef = 21E658D22ABAC854009BDDE4 /* ContentViewModel.swift */; };
		21E658D82ABADC2D009BDDE4 /* FirebaseAuth in Frameworks */ = {isa = PBXBuildFile; productRef = 21E658D72ABADC2D009BDDE4 /* FirebaseAuth */; };
		21E658DA2ABADC2D009BDDE4 /* FirebaseFirestore in Frameworks */ = {isa = PBXBuildFile; productRef = 21E658D92ABADC2D009BDDE4 /* FirebaseFirestore */; };
		21E658DC2ABADC2D009BDDE4 /* FirebaseFirestoreSwift in Frameworks */ = {isa = PBXBuildFile; productRef = 21E658DB2ABADC2D009BDDE4 /* FirebaseFirestoreSwift */; };
		21E658DE2ABADC2D009BDDE4 /* FirebaseStorage in Frameworks */ = {isa = PBXBuildFile; productRef = 21E658DD2ABADC2D009BDDE4 /* FirebaseStorage */; };
		21E658E02ABADE5D009BDDE4 /* VideoUploader.swift in Sources */ = {isa = PBXBuildFile; fileRef = 21E658DF2ABADE5D009BDDE4 /* VideoUploader.swift */; };
		21E658E22ABAE25C009BDDE4 /* Video.swift in Sources */ = {isa = PBXBuildFile; fileRef = 21E658E12ABAE25C009BDDE4 /* Video.swift */; };
/* End PBXBuildFile section */

/* Begin PBXFileReference section */
		21E658B92ABAC207009BDDE4 /* swift_Video_tut.app */ = {isa = PBXFileReference; explicitFileType = wrapper.application; includeInIndex = 0; path = swift_Video_tut.app; sourceTree = BUILT_PRODUCTS_DIR; };
		21E658BC2ABAC207009BDDE4 /* swift_Video_tutApp.swift */ = {isa = PBXFileReference; lastKnownFileType = sourcecode.swift; path = swift_Video_tutApp.swift; sourceTree = "<group>"; };
		21E658BE2ABAC207009BDDE4 /* ContentView.swift */ = {isa = PBXFileReference; lastKnownFileType = sourcecode.swift; path = ContentView.swift; sourceTree = "<group>"; };
		21E658C02ABAC208009BDDE4 /* Assets.xcassets */ = {isa = PBXFileReference; lastKnownFileType = folder.assetcatalog; path = Assets.xcassets; sourceTree = "<group>"; };
		21E658C32ABAC208009BDDE4 /* Preview Assets.xcassets */ = {isa = PBXFileReference; lastKnownFileType = folder.assetcatalog; path = "Preview Assets.xcassets"; sourceTree = "<group>"; };
		21E658D22ABAC854009BDDE4 /* ContentViewModel.swift */ = {isa = PBXFileReference; lastKnownFileType = sourcecode.swift; path = ContentViewModel.swift; sourceTree = "<group>"; };
		21E658DF2ABADE5D009BDDE4 /* VideoUploader.swift */ = {isa = PBXFileReference; lastKnownFileType = sourcecode.swift; path = VideoUploader.swift; sourceTree = "<group>"; };
		21E658E12ABAE25C009BDDE4 /* Video.swift */ = {isa = PBXFileReference; lastKnownFileType = sourcecode.swift; path = Video.swift; sourceTree = "<group>"; };
/* End PBXFileReference section */

/* Begin PBXFrameworksBuildPhase section */
		21E658B62ABAC207009BDDE4 /* Frameworks */ = {
			isa = PBXFrameworksBuildPhase;
			buildActionMask = 2147483647;
			files = (
				21E658D82ABADC2D009BDDE4 /* FirebaseAuth in Frameworks */,
				21E658DE2ABADC2D009BDDE4 /* FirebaseStorage in Frameworks */,
				21E658DA2ABADC2D009BDDE4 /* FirebaseFirestore in Frameworks */,
				21E658DC2ABADC2D009BDDE4 /* FirebaseFirestoreSwift in Frameworks */,
			);
			runOnlyForDeploymentPostprocessing = 0;
		};
/* End PBXFrameworksBuildPhase section */

/* Begin PBXGroup section */
		21E658B02ABAC207009BDDE4 = {
			isa = PBXGroup;
			children = (
				21E658BB2ABAC207009BDDE4 /* swift_Video_tut */,
				21E658BA2ABAC207009BDDE4 /* Products */,
			);
			sourceTree = "<group>";
		};
		21E658BA2ABAC207009BDDE4 /* Products */ = {
			isa = PBXGroup;
			children = (
				21E658B92ABAC207009BDDE4 /* swift_Video_tut.app */,
			);
			name = Products;
			sourceTree = "<group>";
		};
		21E658BB2ABAC207009BDDE4 /* swift_Video_tut */ = {
			isa = PBXGroup;
			children = (
				21E658D12ABAC5FC009BDDE4 /* ViewModel */,
				21E658D02ABAC5E6009BDDE4 /* Service */,
				21E658CF2ABAC5D8009BDDE4 /* View */,
				21E658CE2ABAC5D3009BDDE4 /* Model */,
				21E658CB2ABAC598009BDDE4 /* App */,
				21E658BC2ABAC207009BDDE4 /* swift_Video_tutApp.swift */,
				21E658C02ABAC208009BDDE4 /* Assets.xcassets */,
				21E658C22ABAC208009BDDE4 /* Preview Content */,
			);
			path = swift_Video_tut;
			sourceTree = "<group>";
		};
		21E658C22ABAC208009BDDE4 /* Preview Content */ = {
			isa = PBXGroup;
			children = (
				21E658C32ABAC208009BDDE4 /* Preview Assets.xcassets */,
			);
			path = "Preview Content";
			sourceTree = "<group>";
		};
		21E658CB2ABAC598009BDDE4 /* App */ = {
			isa = PBXGroup;
			children = (
			);
			name = App;
			path = "New Group/App";
			sourceTree = "<group>";
		};
		21E658CE2ABAC5D3009BDDE4 /* Model */ = {
			isa = PBXGroup;
			children = (
				21E658E12ABAE25C009BDDE4 /* Video.swift */,
			);
			path = Model;
			sourceTree = "<group>";
		};
		21E658CF2ABAC5D8009BDDE4 /* View */ = {
			isa = PBXGroup;
			children = (
				21E658BE2ABAC207009BDDE4 /* ContentView.swift */,
			);
			path = View;
			sourceTree = "<group>";
		};
		21E658D02ABAC5E6009BDDE4 /* Service */ = {
			isa = PBXGroup;
			children = (
				21E658DF2ABADE5D009BDDE4 /* VideoUploader.swift */,
			);
			path = Service;
			sourceTree = "<group>";
		};
		21E658D12ABAC5FC009BDDE4 /* ViewModel */ = {
			isa = PBXGroup;
			children = (
				21E658D22ABAC854009BDDE4 /* ContentViewModel.swift */,
			);
			path = ViewModel;
			sourceTree = "<group>";
		};
/* End PBXGroup section */

/* Begin PBXNativeTarget section */
		21E658B82ABAC207009BDDE4 /* swift_Video_tut */ = {
			isa = PBXNativeTarget;
			buildConfigurationList = 21E658C72ABAC208009BDDE4 /* Build configuration list for PBXNativeTarget "swift_Video_tut" */;
			buildPhases = (
				21E658B52ABAC207009BDDE4 /* Sources */,
				21E658B62ABAC207009BDDE4 /* Frameworks */,
				21E658B72ABAC207009BDDE4 /* Resources */,
			);
			buildRules = (
			);
			dependencies = (
			);
			name = swift_Video_tut;
			packageProductDependencies = (
				21E658D72ABADC2D009BDDE4 /* FirebaseAuth */,
				21E658D92ABADC2D009BDDE4 /* FirebaseFirestore */,
				21E658DB2ABADC2D009BDDE4 /* FirebaseFirestoreSwift */,
				21E658DD2ABADC2D009BDDE4 /* FirebaseStorage */,
			);
			productName = swift_Video_tut;
			productReference = 21E658B92ABAC207009BDDE4 /* swift_Video_tut.app */;
			productType = "com.apple.product-type.application";
		};
/* End PBXNativeTarget section */

/* Begin PBXProject section */
		21E658B12ABAC207009BDDE4 /* Project object */ = {
			isa = PBXProject;
			attributes = {
				BuildIndependentTargetsInParallel = 1;
				LastSwiftUpdateCheck = 1430;
				LastUpgradeCheck = 1430;
				TargetAttributes = {
					21E658B82ABAC207009BDDE4 = {
						CreatedOnToolsVersion = 14.3.1;
					};
				};
			};
			buildConfigurationList = 21E658B42ABAC207009BDDE4 /* Build configuration list for PBXProject "swift_Video_tut" */;
			compatibilityVersion = "Xcode 14.0";
			developmentRegion = en;
			hasScannedForEncodings = 0;
			knownRegions = (
				en,
				Base,
			);
			mainGroup = 21E658B02ABAC207009BDDE4;
			packageReferences = (
				21E658D62ABADC2D009BDDE4 /* XCRemoteSwiftPackageReference "firebase-ios-sdk" */,
			);
			productRefGroup = 21E658BA2ABAC207009BDDE4 /* Products */;
			projectDirPath = "";
			projectRoot = "";
			targets = (
				21E658B82ABAC207009BDDE4 /* swift_Video_tut */,
			);
		};
/* End PBXProject section */

/* Begin PBXResourcesBuildPhase section */
		21E658B72ABAC207009BDDE4 /* Resources */ = {
			isa = PBXResourcesBuildPhase;
			buildActionMask = 2147483647;
			files = (
				21E658C42ABAC208009BDDE4 /* Preview Assets.xcassets in Resources */,
				21E658C12ABAC208009BDDE4 /* Assets.xcassets in Resources */,
			);
			runOnlyForDeploymentPostprocessing = 0;
		};
/* End PBXResourcesBuildPhase section */

/* Begin PBXSourcesBuildPhase section */
		21E658B52ABAC207009BDDE4 /* Sources */ = {
			isa = PBXSourcesBuildPhase;
			buildActionMask = 2147483647;
			files = (
				21E658BF2ABAC207009BDDE4 /* ContentView.swift in Sources */,
				21E658E02ABADE5D009BDDE4 /* VideoUploader.swift in Sources */,
				21E658BD2ABAC207009BDDE4 /* swift_Video_tutApp.swift in Sources */,
				21E658D32ABAC854009BDDE4 /* ContentViewModel.swift in Sources */,
				21E658E22ABAE25C009BDDE4 /* Video.swift in Sources */,
			);
			runOnlyForDeploymentPostprocessing = 0;
		};
/* End PBXSourcesBuildPhase section */

/* Begin XCBuildConfiguration section */
		21E658C52ABAC208009BDDE4 /* Debug */ = {
			isa = XCBuildConfiguration;
			buildSettings = {
				ALWAYS_SEARCH_USER_PATHS = NO;
				CLANG_ANALYZER_NONNULL = YES;
				CLANG_ANALYZER_NUMBER_OBJECT_CONVERSION = YES_AGGRESSIVE;
				CLANG_CXX_LANGUAGE_STANDARD = "gnu++20";
				CLANG_ENABLE_MODULES = YES;
				CLANG_ENABLE_OBJC_ARC = YES;
				CLANG_ENABLE_OBJC_WEAK = YES;
				CLANG_WARN_BLOCK_CAPTURE_AUTORELEASING = YES;
				CLANG_WARN_BOOL_CONVERSION = YES;
				CLANG_WARN_COMMA = YES;
				CLANG_WARN_CONSTANT_CONVERSION = YES;
				CLANG_WARN_DEPRECATED_OBJC_IMPLEMENTATIONS = YES;
				CLANG_WARN_DIRECT_OBJC_ISA_USAGE = YES_ERROR;
				CLANG_WARN_DOCUMENTATION_COMMENTS = YES;
				CLANG_WARN_EMPTY_BODY = YES;
				CLANG_WARN_ENUM_CONVERSION = YES;
				CLANG_WARN_INFINITE_RECURSION = YES;
				CLANG_WARN_INT_CONVERSION = YES;
				CLANG_WARN_NON_LITERAL_NULL_CONVERSION = YES;
				CLANG_WARN_OBJC_IMPLICIT_RETAIN_SELF = YES;
				CLANG_WARN_OBJC_LITERAL_CONVERSION = YES;
				CLANG_WARN_OBJC_ROOT_CLASS = YES_ERROR;
				CLANG_WARN_QUOTED_INCLUDE_IN_FRAMEWORK_HEADER = YES;
				CLANG_WARN_RANGE_LOOP_ANALYSIS = YES;
				CLANG_WARN_STRICT_PROTOTYPES = YES;
				CLANG_WARN_SUSPICIOUS_MOVE = YES;
				CLANG_WARN_UNGUARDED_AVAILABILITY = YES_AGGRESSIVE;
				CLANG_WARN_UNREACHABLE_CODE = YES;
				CLANG_WARN__DUPLICATE_METHOD_MATCH = YES;
				COPY_PHASE_STRIP = NO;
				DEBUG_INFORMATION_FORMAT = dwarf;
				ENABLE_STRICT_OBJC_MSGSEND = YES;
				ENABLE_TESTABILITY = YES;
				GCC_C_LANGUAGE_STANDARD = gnu11;
				GCC_DYNAMIC_NO_PIC = NO;
				GCC_NO_COMMON_BLOCKS = YES;
				GCC_OPTIMIZATION_LEVEL = 0;
				GCC_PREPROCESSOR_DEFINITIONS = (
					"DEBUG=1",
					"$(inherited)",
				);
				GCC_WARN_64_TO_32_BIT_CONVERSION = YES;
				GCC_WARN_ABOUT_RETURN_TYPE = YES_ERROR;
				GCC_WARN_UNDECLARED_SELECTOR = YES;
				GCC_WARN_UNINITIALIZED_AUTOS = YES_AGGRESSIVE;
				GCC_WARN_UNUSED_FUNCTION = YES;
				GCC_WARN_UNUSED_VARIABLE = YES;
				IPHONEOS_DEPLOYMENT_TARGET = 16.4;
				MTL_ENABLE_DEBUG_INFO = INCLUDE_SOURCE;
				MTL_FAST_MATH = YES;
				ONLY_ACTIVE_ARCH = YES;
				SDKROOT = iphoneos;
				SWIFT_ACTIVE_COMPILATION_CONDITIONS = DEBUG;
				SWIFT_OPTIMIZATION_LEVEL = "-Onone";
			};
			name = Debug;
		};
		21E658C62ABAC208009BDDE4 /* Release */ = {
			isa = XCBuildConfiguration;
			buildSettings = {
				ALWAYS_SEARCH_USER_PATHS = NO;
				CLANG_ANALYZER_NONNULL = YES;
				CLANG_ANALYZER_NUMBER_OBJECT_CONVERSION = YES_AGGRESSIVE;
				CLANG_CXX_LANGUAGE_STANDARD = "gnu++20";
				CLANG_ENABLE_MODULES = YES;
				CLANG_ENABLE_OBJC_ARC = YES;
				CLANG_ENABLE_OBJC_WEAK = YES;
				CLANG_WARN_BLOCK_CAPTURE_AUTORELEASING = YES;
				CLANG_WARN_BOOL_CONVERSION = YES;
				CLANG_WARN_COMMA = YES;
				CLANG_WARN_CONSTANT_CONVERSION = YES;
				CLANG_WARN_DEPRECATED_OBJC_IMPLEMENTATIONS = YES;
				CLANG_WARN_DIRECT_OBJC_ISA_USAGE = YES_ERROR;
				CLANG_WARN_DOCUMENTATION_COMMENTS = YES;
				CLANG_WARN_EMPTY_BODY = YES;
				CLANG_WARN_ENUM_CONVERSION = YES;
				CLANG_WARN_INFINITE_RECURSION = YES;
				CLANG_WARN_INT_CONVERSION = YES;
				CLANG_WARN_NON_LITERAL_NULL_CONVERSION = YES;
				CLANG_WARN_OBJC_IMPLICIT_RETAIN_SELF = YES;
				CLANG_WARN_OBJC_LITERAL_CONVERSION = YES;
				CLANG_WARN_OBJC_ROOT_CLASS = YES_ERROR;
				CLANG_WARN_QUOTED_INCLUDE_IN_FRAMEWORK_HEADER = YES;
				CLANG_WARN_RANGE_LOOP_ANALYSIS = YES;
				CLANG_WARN_STRICT_PROTOTYPES = YES;
				CLANG_WARN_SUSPICIOUS_MOVE = YES;
				CLANG_WARN_UNGUARDED_AVAILABILITY = YES_AGGRESSIVE;
				CLANG_WARN_UNREACHABLE_CODE = YES;
				CLANG_WARN__DUPLICATE_METHOD_MATCH = YES;
				COPY_PHASE_STRIP = NO;
				DEBUG_INFORMATION_FORMAT = "dwarf-with-dsym";
				ENABLE_NS_ASSERTIONS = NO;
				ENABLE_STRICT_OBJC_MSGSEND = YES;
				GCC_C_LANGUAGE_STANDARD = gnu11;
				GCC_NO_COMMON_BLOCKS = YES;
				GCC_WARN_64_TO_32_BIT_CONVERSION = YES;
				GCC_WARN_ABOUT_RETURN_TYPE = YES_ERROR;
				GCC_WARN_UNDECLARED_SELECTOR = YES;
				GCC_WARN_UNINITIALIZED_AUTOS = YES_AGGRESSIVE;
				GCC_WARN_UNUSED_FUNCTION = YES;
				GCC_WARN_UNUSED_VARIABLE = YES;
				IPHONEOS_DEPLOYMENT_TARGET = 16.4;
				MTL_ENABLE_DEBUG_INFO = NO;
				MTL_FAST_MATH = YES;
				SDKROOT = iphoneos;
				SWIFT_COMPILATION_MODE = wholemodule;
				SWIFT_OPTIMIZATION_LEVEL = "-O";
				VALIDATE_PRODUCT = YES;
			};
			name = Release;
		};
		21E658C82ABAC208009BDDE4 /* Debug */ = {
			isa = XCBuildConfiguration;
			buildSettings = {
				ASSETCATALOG_COMPILER_APPICON_NAME = AppIcon;
				ASSETCATALOG_COMPILER_GLOBAL_ACCENT_COLOR_NAME = AccentColor;
				CODE_SIGN_STYLE = Automatic;
				CURRENT_PROJECT_VERSION = 1;
				DEVELOPMENT_ASSET_PATHS = "\"swift_Video_tut/Preview Content\"";
				ENABLE_PREVIEWS = YES;
				GENERATE_INFOPLIST_FILE = YES;
				INFOPLIST_KEY_UIApplicationSceneManifest_Generation = YES;
				INFOPLIST_KEY_UIApplicationSupportsIndirectInputEvents = YES;
				INFOPLIST_KEY_UILaunchScreen_Generation = YES;
				INFOPLIST_KEY_UISupportedInterfaceOrientations_iPad = "UIInterfaceOrientationPortrait UIInterfaceOrientationPortraitUpsideDown UIInterfaceOrientationLandscapeLeft UIInterfaceOrientationLandscapeRight";
				INFOPLIST_KEY_UISupportedInterfaceOrientations_iPhone = "UIInterfaceOrientationPortrait UIInterfaceOrientationLandscapeLeft UIInterfaceOrientationLandscapeRight";
				LD_RUNPATH_SEARCH_PATHS = (
					"$(inherited)",
					"@executable_path/Frameworks",
				);
				MARKETING_VERSION = 1.0;
				PRODUCT_BUNDLE_IDENTIFIER = "com.gys.swift-Video-tut";
				PRODUCT_NAME = "$(TARGET_NAME)";
				SWIFT_EMIT_LOC_STRINGS = YES;
				SWIFT_VERSION = 5.0;
				TARGETED_DEVICE_FAMILY = "1,2";
			};
			name = Debug;
		};
		21E658C92ABAC208009BDDE4 /* Release */ = {
			isa = XCBuildConfiguration;
			buildSettings = {
				ASSETCATALOG_COMPILER_APPICON_NAME = AppIcon;
				ASSETCATALOG_COMPILER_GLOBAL_ACCENT_COLOR_NAME = AccentColor;
				CODE_SIGN_STYLE = Automatic;
				CURRENT_PROJECT_VERSION = 1;
				DEVELOPMENT_ASSET_PATHS = "\"swift_Video_tut/Preview Content\"";
				ENABLE_PREVIEWS = YES;
				GENERATE_INFOPLIST_FILE = YES;
				INFOPLIST_KEY_UIApplicationSceneManifest_Generation = YES;
				INFOPLIST_KEY_UIApplicationSupportsIndirectInputEvents = YES;
				INFOPLIST_KEY_UILaunchScreen_Generation = YES;
				INFOPLIST_KEY_UISupportedInterfaceOrientations_iPad = "UIInterfaceOrientationPortrait UIInterfaceOrientationPortraitUpsideDown UIInterfaceOrientationLandscapeLeft UIInterfaceOrientationLandscapeRight";
				INFOPLIST_KEY_UISupportedInterfaceOrientations_iPhone = "UIInterfaceOrientationPortrait UIInterfaceOrientationLandscapeLeft UIInterfaceOrientationLandscapeRight";
				LD_RUNPATH_SEARCH_PATHS = (
					"$(inherited)",
					"@executable_path/Frameworks",
				);
				MARKETING_VERSION = 1.0;
				PRODUCT_BUNDLE_IDENTIFIER = "com.gys.swift-Video-tut";
				PRODUCT_NAME = "$(TARGET_NAME)";
				SWIFT_EMIT_LOC_STRINGS = YES;
				SWIFT_VERSION = 5.0;
				TARGETED_DEVICE_FAMILY = "1,2";
			};
			name = Release;
		};
/* End XCBuildConfiguration section */

/* Begin XCConfigurationList section */
		21E658B42ABAC207009BDDE4 /* Build configuration list for PBXProject "swift_Video_tut" */ = {
			isa = XCConfigurationList;
			buildConfigurations = (
				21E658C52ABAC208009BDDE4 /* Debug */,
				21E658C62ABAC208009BDDE4 /* Release */,
			);
			defaultConfigurationIsVisible = 0;
			defaultConfigurationName = Release;
		};
		21E658C72ABAC208009BDDE4 /* Build configuration list for PBXNativeTarget "swift_Video_tut" */ = {
			isa = XCConfigurationList;
			buildConfigurations = (
				21E658C82ABAC208009BDDE4 /* Debug */,
				21E658C92ABAC208009BDDE4 /* Release */,
			);
			defaultConfigurationIsVisible = 0;
			defaultConfigurationName = Release;
		};
/* End XCConfigurationList section */

/* Begin XCRemoteSwiftPackageReference section */
		21E658D62ABADC2D009BDDE4 /* XCRemoteSwiftPackageReference "firebase-ios-sdk" */ = {
			isa = XCRemoteSwiftPackageReference;
			repositoryURL = "https://github.com/firebase/firebase-ios-sdk";
			requirement = {
				kind = upToNextMajorVersion;
				minimumVersion = 10.0.0;
			};
		};
/* End XCRemoteSwiftPackageReference section */

/* Begin XCSwiftPackageProductDependency section */
		21E658D72ABADC2D009BDDE4 /* FirebaseAuth */ = {
			isa = XCSwiftPackageProductDependency;
			package = 21E658D62ABADC2D009BDDE4 /* XCRemoteSwiftPackageReference "firebase-ios-sdk" */;
			productName = FirebaseAuth;
		};
		21E658D92ABADC2D009BDDE4 /* FirebaseFirestore */ = {
			isa = XCSwiftPackageProductDependency;
			package = 21E658D62ABADC2D009BDDE4 /* XCRemoteSwiftPackageReference "firebase-ios-sdk" */;
			productName = FirebaseFirestore;
		};
		21E658DB2ABADC2D009BDDE4 /* FirebaseFirestoreSwift */ = {
			isa = XCSwiftPackageProductDependency;
			package = 21E658D62ABADC2D009BDDE4 /* XCRemoteSwiftPackageReference "firebase-ios-sdk" */;
			productName = FirebaseFirestoreSwift;
		};
		21E658DD2ABADC2D009BDDE4 /* FirebaseStorage */ = {
			isa = XCSwiftPackageProductDependency;
			package = 21E658D62ABADC2D009BDDE4 /* XCRemoteSwiftPackageReference "firebase-ios-sdk" */;
			productName = FirebaseStorage;
		};
/* End XCSwiftPackageProductDependency section */
	};
	rootObject = 21E658B12ABAC207009BDDE4 /* Project object */;
}
